
Microsoft Visual Studio Solution File, Format Version 12.00
# Visual Studio 15
VisualStudioVersion = 15.0.26124.0
MinimumVisualStudioVersion = 15.0.26124.0
Project("{FAE04EC0-301F-11D3-BF4B-00C04F79EFBC}") = "PizzaStore.Client", "PizzaStore.Client\PizzaStore.Client.csproj", "{331FC789-6830-4A4A-BAA4-301B8DD00F28}"
EndProject
Project("{FAE04EC0-301F-11D3-BF4B-00C04F79EFBC}") = "PizzaStore.Domain", "PizzaStore.Domain\PizzaStore.Domain.csproj", "{8635BFE9-0A66-43A4-93E5-B4404CD5DA9C}"
EndProject
Project("{FAE04EC0-301F-11D3-BF4B-00C04F79EFBC}") = "PizzaStore.Testing", "PizzaStore.Testing\PizzaStore.Testing.csproj", "{ADA993C3-980D-44C7-8321-51E96E5A14F5}"
EndProject
Global
	GlobalSection(SolutionConfigurationPlatforms) = preSolution
		Debug|Any CPU = Debug|Any CPU
		Debug|x64 = Debug|x64
		Debug|x86 = Debug|x86
		Release|Any CPU = Release|Any CPU
		Release|x64 = Release|x64
		Release|x86 = Release|x86
	EndGlobalSection
	GlobalSection(SolutionProperties) = preSolution
		HideSolutionNode = FALSE
	EndGlobalSection
	GlobalSection(ProjectConfigurationPlatforms) = postSolution
		{331FC789-6830-4A4A-BAA4-301B8DD00F28}.Debug|Any CPU.ActiveCfg = Debug|Any CPU
		{331FC789-6830-4A4A-BAA4-301B8DD00F28}.Debug|Any CPU.Build.0 = Debug|Any CPU
		{331FC789-6830-4A4A-BAA4-301B8DD00F28}.Debug|x64.ActiveCfg = Debug|Any CPU
		{331FC789-6830-4A4A-BAA4-301B8DD00F28}.Debug|x64.Build.0 = Debug|Any CPU
		{331FC789-6830-4A4A-BAA4-301B8DD00F28}.Debug|x86.ActiveCfg = Debug|Any CPU
		{331FC789-6830-4A4A-BAA4-301B8DD00F28}.Debug|x86.Build.0 = Debug|Any CPU
		{331FC789-6830-4A4A-BAA4-301B8DD00F28}.Release|Any CPU.ActiveCfg = Release|Any CPU
		{331FC789-6830-4A4A-BAA4-301B8DD00F28}.Release|Any CPU.Build.0 = Release|Any CPU
		{331FC789-6830-4A4A-BAA4-301B8DD00F28}.Release|x64.ActiveCfg = Release|Any CPU
		{331FC789-6830-4A4A-BAA4-301B8DD00F28}.Release|x64.Build.0 = Release|Any CPU
		{331FC789-6830-4A4A-BAA4-301B8DD00F28}.Release|x86.ActiveCfg = Release|Any CPU
		{331FC789-6830-4A4A-BAA4-301B8DD00F28}.Release|x86.Build.0 = Release|Any CPU
		{8635BFE9-0A66-43A4-93E5-B4404CD5DA9C}.Debug|Any CPU.ActiveCfg = Debug|Any CPU
		{8635BFE9-0A66-43A4-93E5-B4404CD5DA9C}.Debug|Any CPU.Build.0 = Debug|Any CPU
		{8635BFE9-0A66-43A4-93E5-B4404CD5DA9C}.Debug|x64.ActiveCfg = Debug|Any CPU
		{8635BFE9-0A66-43A4-93E5-B4404CD5DA9C}.Debug|x64.Build.0 = Debug|Any CPU
		{8635BFE9-0A66-43A4-93E5-B4404CD5DA9C}.Debug|x86.ActiveCfg = Debug|Any CPU
		{8635BFE9-0A66-43A4-93E5-B4404CD5DA9C}.Debug|x86.Build.0 = Debug|Any CPU
		{8635BFE9-0A66-43A4-93E5-B4404CD5DA9C}.Release|Any CPU.ActiveCfg = Release|Any CPU
		{8635BFE9-0A66-43A4-93E5-B4404CD5DA9C}.Release|Any CPU.Build.0 = Release|Any CPU
		{8635BFE9-0A66-43A4-93E5-B4404CD5DA9C}.Release|x64.ActiveCfg = Release|Any CPU
		{8635BFE9-0A66-43A4-93E5-B4404CD5DA9C}.Release|x64.Build.0 = Release|Any CPU
		{8635BFE9-0A66-43A4-93E5-B4404CD5DA9C}.Release|x86.ActiveCfg = Release|Any CPU
		{8635BFE9-0A66-43A4-93E5-B4404CD5DA9C}.Release|x86.Build.0 = Release|Any CPU
		{ADA993C3-980D-44C7-8321-51E96E5A14F5}.Debug|Any CPU.ActiveCfg = Debug|Any CPU
		{ADA993C3-980D-44C7-8321-51E96E5A14F5}.Debug|Any CPU.Build.0 = Debug|Any CPU
		{ADA993C3-980D-44C7-8321-51E96E5A14F5}.Debug|x64.ActiveCfg = Debug|Any CPU
		{ADA993C3-980D-44C7-8321-51E96E5A14F5}.Debug|x64.Build.0 = Debug|Any CPU
		{ADA993C3-980D-44C7-8321-51E96E5A14F5}.Debug|x86.ActiveCfg = Debug|Any CPU
		{ADA993C3-980D-44C7-8321-51E96E5A14F5}.Debug|x86.Build.0 = Debug|Any CPU
		{ADA993C3-980D-44C7-8321-51E96E5A14F5}.Release|Any CPU.ActiveCfg = Release|Any CPU
		{ADA993C3-980D-44C7-8321-51E96E5A14F5}.Release|Any CPU.Build.0 = Release|Any CPU
		{ADA993C3-980D-44C7-8321-51E96E5A14F5}.Release|x64.ActiveCfg = Release|Any CPU
		{ADA993C3-980D-44C7-8321-51E96E5A14F5}.Release|x64.Build.0 = Release|Any CPU
		{ADA993C3-980D-44C7-8321-51E96E5A14F5}.Release|x86.ActiveCfg = Release|Any CPU
		{ADA993C3-980D-44C7-8321-51E96E5A14F5}.Release|x86.Build.0 = Release|Any CPU
	EndGlobalSection
EndGlobal
